// !$*UTF8*$!
{
	archiveVersion = 1;
	classes = {
	};
	objectVersion = 56;
	objects = {

/* Begin PBXBuildFile section */
		F61A42B429BBAC2A0096CB23 /* AddTaskViewController.swift in Sources */ = {isa = PBXBuildFile; fileRef = F61A42B329BBAC2A0096CB23 /* AddTaskViewController.swift */; };
		F61C2B7E29A4CFDB0097CA7B /* AppDelegate.swift in Sources */ = {isa = PBXBuildFile; fileRef = F61C2B7D29A4CFDB0097CA7B /* AppDelegate.swift */; };
		F61C2B8029A4CFDB0097CA7B /* SceneDelegate.swift in Sources */ = {isa = PBXBuildFile; fileRef = F61C2B7F29A4CFDB0097CA7B /* SceneDelegate.swift */; };
		F61C2B8229A4CFDB0097CA7B /* ViewController.swift in Sources */ = {isa = PBXBuildFile; fileRef = F61C2B8129A4CFDB0097CA7B /* ViewController.swift */; };
		F61C2B8529A4CFDB0097CA7B /* Main.storyboard in Resources */ = {isa = PBXBuildFile; fileRef = F61C2B8329A4CFDB0097CA7B /* Main.storyboard */; };
		F61C2B8729A4CFDC0097CA7B /* Assets.xcassets in Resources */ = {isa = PBXBuildFile; fileRef = F61C2B8629A4CFDC0097CA7B /* Assets.xcassets */; };
		F61C2B8A29A4CFDC0097CA7B /* LaunchScreen.storyboard in Resources */ = {isa = PBXBuildFile; fileRef = F61C2B8829A4CFDC0097CA7B /* LaunchScreen.storyboard */; };
		F61C2B9229A4D6680097CA7B /* TaskTableViewCell.swift in Sources */ = {isa = PBXBuildFile; fileRef = F61C2B9129A4D6680097CA7B /* TaskTableViewCell.swift */; };
		F630AEF429C6F4E000FBF2AD /* TaskDetailViewController.swift in Sources */ = {isa = PBXBuildFile; fileRef = F630AEF329C6F4E000FBF2AD /* TaskDetailViewController.swift */; };
		F64036B629E52440009CBCCD /* Realm in Frameworks */ = {isa = PBXBuildFile; productRef = F64036B529E52440009CBCCD /* Realm */; };
		F64036B829E52440009CBCCD /* RealmSwift in Frameworks */ = {isa = PBXBuildFile; productRef = F64036B729E52440009CBCCD /* RealmSwift */; };
		F64036BB29E52561009CBCCD /* Task.swift in Sources */ = {isa = PBXBuildFile; fileRef = F64036BA29E52561009CBCCD /* Task.swift */; };
		F65955A029E2CE4300E161EB /* EmptyStateView.xib in Resources */ = {isa = PBXBuildFile; fileRef = F659559F29E2CE4300E161EB /* EmptyStateView.xib */; };
		F6835D2129E2AC1D0075FB5C /* Lottie in Frameworks */ = {isa = PBXBuildFile; productRef = F6835D2029E2AC1D0075FB5C /* Lottie */; };
		F6835D2529E2BCAB0075FB5C /* TaskMan.json in Resources */ = {isa = PBXBuildFile; fileRef = F6835D2429E2BCAB0075FB5C /* TaskMan.json */; };
		F6835D2729E2C17F0075FB5C /* EmptyStateTableViewCell.swift in Sources */ = {isa = PBXBuildFile; fileRef = F6835D2629E2C17F0075FB5C /* EmptyStateTableViewCell.swift */; };
		F6835D2929E2CD810075FB5C /* EmptyStateView.swift in Sources */ = {isa = PBXBuildFile; fileRef = F6835D2829E2CD810075FB5C /* EmptyStateView.swift */; };
		F6AA3A3B29BF765300D83FB8 /* CategoriesModel.swift in Sources */ = {isa = PBXBuildFile; fileRef = F6AA3A3A29BF765300D83FB8 /* CategoriesModel.swift */; };
/* End PBXBuildFile section */

/* Begin PBXFileReference section */
		F61A42B329BBAC2A0096CB23 /* AddTaskViewController.swift */ = {isa = PBXFileReference; lastKnownFileType = sourcecode.swift; path = AddTaskViewController.swift; sourceTree = "<group>"; };
		F61C2B7A29A4CFDB0097CA7B /* ToDoListApp.app */ = {isa = PBXFileReference; explicitFileType = wrapper.application; includeInIndex = 0; path = ToDoListApp.app; sourceTree = BUILT_PRODUCTS_DIR; };
		F61C2B7D29A4CFDB0097CA7B /* AppDelegate.swift */ = {isa = PBXFileReference; lastKnownFileType = sourcecode.swift; path = AppDelegate.swift; sourceTree = "<group>"; };
		F61C2B7F29A4CFDB0097CA7B /* SceneDelegate.swift */ = {isa = PBXFileReference; lastKnownFileType = sourcecode.swift; path = SceneDelegate.swift; sourceTree = "<group>"; };
		F61C2B8129A4CFDB0097CA7B /* ViewController.swift */ = {isa = PBXFileReference; lastKnownFileType = sourcecode.swift; path = ViewController.swift; sourceTree = "<group>"; };
		F61C2B8429A4CFDB0097CA7B /* Base */ = {isa = PBXFileReference; lastKnownFileType = file.storyboard; name = Base; path = Base.lproj/Main.storyboard; sourceTree = "<group>"; };
		F61C2B8629A4CFDC0097CA7B /* Assets.xcassets */ = {isa = PBXFileReference; lastKnownFileType = folder.assetcatalog; path = Assets.xcassets; sourceTree = "<group>"; };
		F61C2B8929A4CFDC0097CA7B /* Base */ = {isa = PBXFileReference; lastKnownFileType = file.storyboard; name = Base; path = Base.lproj/LaunchScreen.storyboard; sourceTree = "<group>"; };
		F61C2B8B29A4CFDC0097CA7B /* Info.plist */ = {isa = PBXFileReference; lastKnownFileType = text.plist.xml; path = Info.plist; sourceTree = "<group>"; };
		F61C2B9129A4D6680097CA7B /* TaskTableViewCell.swift */ = {isa = PBXFileReference; lastKnownFileType = sourcecode.swift; path = TaskTableViewCell.swift; sourceTree = "<group>"; };
		F630AEF329C6F4E000FBF2AD /* TaskDetailViewController.swift */ = {isa = PBXFileReference; lastKnownFileType = sourcecode.swift; path = TaskDetailViewController.swift; sourceTree = "<group>"; };
		F64036BA29E52561009CBCCD /* Task.swift */ = {isa = PBXFileReference; lastKnownFileType = sourcecode.swift; path = Task.swift; sourceTree = "<group>"; };
		F659559F29E2CE4300E161EB /* EmptyStateView.xib */ = {isa = PBXFileReference; lastKnownFileType = file.xib; path = EmptyStateView.xib; sourceTree = "<group>"; };
		F6835D2429E2BCAB0075FB5C /* TaskMan.json */ = {isa = PBXFileReference; fileEncoding = 4; lastKnownFileType = text.json; path = TaskMan.json; sourceTree = "<group>"; };
		F6835D2629E2C17F0075FB5C /* EmptyStateTableViewCell.swift */ = {isa = PBXFileReference; lastKnownFileType = sourcecode.swift; path = EmptyStateTableViewCell.swift; sourceTree = "<group>"; };
		F6835D2829E2CD810075FB5C /* EmptyStateView.swift */ = {isa = PBXFileReference; lastKnownFileType = sourcecode.swift; path = EmptyStateView.swift; sourceTree = "<group>"; };
		F6AA3A3A29BF765300D83FB8 /* CategoriesModel.swift */ = {isa = PBXFileReference; lastKnownFileType = sourcecode.swift; path = CategoriesModel.swift; sourceTree = "<group>"; };
/* End PBXFileReference section */

/* Begin PBXFrameworksBuildPhase section */
		F61C2B7729A4CFDB0097CA7B /* Frameworks */ = {
			isa = PBXFrameworksBuildPhase;
			buildActionMask = 2147483647;
			files = (
				F64036B829E52440009CBCCD /* RealmSwift in Frameworks */,
				F64036B629E52440009CBCCD /* Realm in Frameworks */,
				F6835D2129E2AC1D0075FB5C /* Lottie in Frameworks */,
			);
			runOnlyForDeploymentPostprocessing = 0;
		};
/* End PBXFrameworksBuildPhase section */

/* Begin PBXGroup section */
		F61C2B7129A4CFDB0097CA7B = {
			isa = PBXGroup;
			children = (
				F61C2B7C29A4CFDB0097CA7B /* ToDoListApp */,
				F61C2B7B29A4CFDB0097CA7B /* Products */,
			);
			sourceTree = "<group>";
		};
		F61C2B7B29A4CFDB0097CA7B /* Products */ = {
			isa = PBXGroup;
			children = (
				F61C2B7A29A4CFDB0097CA7B /* ToDoListApp.app */,
			);
			name = Products;
			sourceTree = "<group>";
		};
		F61C2B7C29A4CFDB0097CA7B /* ToDoListApp */ = {
			isa = PBXGroup;
			children = (
				F64036B929E52483009CBCCD /* Models */,
				F6835D2229E2BC750075FB5C /* Resources */,
				F61C2B7D29A4CFDB0097CA7B /* AppDelegate.swift */,
				F61C2B7F29A4CFDB0097CA7B /* SceneDelegate.swift */,
				F61C2B8129A4CFDB0097CA7B /* ViewController.swift */,
				F61C2B9129A4D6680097CA7B /* TaskTableViewCell.swift */,
				F61A42B329BBAC2A0096CB23 /* AddTaskViewController.swift */,
				F6AA3A3A29BF765300D83FB8 /* CategoriesModel.swift */,
				F630AEF329C6F4E000FBF2AD /* TaskDetailViewController.swift */,
				F6835D2629E2C17F0075FB5C /* EmptyStateTableViewCell.swift */,
				F6835D2829E2CD810075FB5C /* EmptyStateView.swift */,
				F659559F29E2CE4300E161EB /* EmptyStateView.xib */,
				F61C2B8329A4CFDB0097CA7B /* Main.storyboard */,
				F61C2B8629A4CFDC0097CA7B /* Assets.xcassets */,
				F61C2B8829A4CFDC0097CA7B /* LaunchScreen.storyboard */,
				F61C2B8B29A4CFDC0097CA7B /* Info.plist */,
			);
			path = ToDoListApp;
			sourceTree = "<group>";
		};
		F64036B929E52483009CBCCD /* Models */ = {
			isa = PBXGroup;
			children = (
				F64036BA29E52561009CBCCD /* Task.swift */,
			);
			path = Models;
			sourceTree = "<group>";
		};
		F6835D2229E2BC750075FB5C /* Resources */ = {
			isa = PBXGroup;
			children = (
				F6835D2329E2BC920075FB5C /* Lottie */,
			);
			path = Resources;
			sourceTree = "<group>";
		};
		F6835D2329E2BC920075FB5C /* Lottie */ = {
			isa = PBXGroup;
			children = (
				F6835D2429E2BCAB0075FB5C /* TaskMan.json */,
			);
			path = Lottie;
			sourceTree = "<group>";
		};
/* End PBXGroup section */

/* Begin PBXNativeTarget section */
		F61C2B7929A4CFDB0097CA7B /* ToDoListApp */ = {
			isa = PBXNativeTarget;
			buildConfigurationList = F61C2B8E29A4CFDC0097CA7B /* Build configuration list for PBXNativeTarget "ToDoListApp" */;
			buildPhases = (
				F61C2B7629A4CFDB0097CA7B /* Sources */,
				F61C2B7729A4CFDB0097CA7B /* Frameworks */,
				F61C2B7829A4CFDB0097CA7B /* Resources */,
			);
			buildRules = (
			);
			dependencies = (
			);
			name = ToDoListApp;
			packageProductDependencies = (
				F6835D2029E2AC1D0075FB5C /* Lottie */,
				F64036B529E52440009CBCCD /* Realm */,
				F64036B729E52440009CBCCD /* RealmSwift */,
			);
			productName = ToDoListApp;
			productReference = F61C2B7A29A4CFDB0097CA7B /* ToDoListApp.app */;
			productType = "com.apple.product-type.application";
		};
/* End PBXNativeTarget section */

/* Begin PBXProject section */
		F61C2B7229A4CFDB0097CA7B /* Project object */ = {
			isa = PBXProject;
			attributes = {
				BuildIndependentTargetsInParallel = 1;
				LastSwiftUpdateCheck = 1420;
				LastUpgradeCheck = 1420;
				TargetAttributes = {
					F61C2B7929A4CFDB0097CA7B = {
						CreatedOnToolsVersion = 14.2;
					};
				};
			};
			buildConfigurationList = F61C2B7529A4CFDB0097CA7B /* Build configuration list for PBXProject "ToDoListApp" */;
			compatibilityVersion = "Xcode 14.0";
			developmentRegion = en;
			hasScannedForEncodings = 0;
			knownRegions = (
				en,
				Base,
			);
			mainGroup = F61C2B7129A4CFDB0097CA7B;
			packageReferences = (
				F6835D1F29E2AC1D0075FB5C /* XCRemoteSwiftPackageReference "lottie-ios" */,
				F64036B429E52440009CBCCD /* XCRemoteSwiftPackageReference "realm-swift" */,
			);
			productRefGroup = F61C2B7B29A4CFDB0097CA7B /* Products */;
			projectDirPath = "";
			projectRoot = "";
			targets = (
				F61C2B7929A4CFDB0097CA7B /* ToDoListApp */,
			);
		};
/* End PBXProject section */

/* Begin PBXResourcesBuildPhase section */
		F61C2B7829A4CFDB0097CA7B /* Resources */ = {
			isa = PBXResourcesBuildPhase;
			buildActionMask = 2147483647;
			files = (
				F61C2B8A29A4CFDC0097CA7B /* LaunchScreen.storyboard in Resources */,
				F65955A029E2CE4300E161EB /* EmptyStateView.xib in Resources */,
				F61C2B8729A4CFDC0097CA7B /* Assets.xcassets in Resources */,
				F61C2B8529A4CFDB0097CA7B /* Main.storyboard in Resources */,
				F6835D2529E2BCAB0075FB5C /* TaskMan.json in Resources */,
			);
			runOnlyForDeploymentPostprocessing = 0;
		};
/* End PBXResourcesBuildPhase section */

/* Begin PBXSourcesBuildPhase section */
		F61C2B7629A4CFDB0097CA7B /* Sources */ = {
			isa = PBXSourcesBuildPhase;
			buildActionMask = 2147483647;
			files = (
				F6835D2929E2CD810075FB5C /* EmptyStateView.swift in Sources */,
				F630AEF429C6F4E000FBF2AD /* TaskDetailViewController.swift in Sources */,
				F64036BB29E52561009CBCCD /* Task.swift in Sources */,
				F61C2B9229A4D6680097CA7B /* TaskTableViewCell.swift in Sources */,
				F61C2B8229A4CFDB0097CA7B /* ViewController.swift in Sources */,
				F6835D2729E2C17F0075FB5C /* EmptyStateTableViewCell.swift in Sources */,
				F61C2B7E29A4CFDB0097CA7B /* AppDelegate.swift in Sources */,
				F6AA3A3B29BF765300D83FB8 /* CategoriesModel.swift in Sources */,
				F61C2B8029A4CFDB0097CA7B /* SceneDelegate.swift in Sources */,
				F61A42B429BBAC2A0096CB23 /* AddTaskViewController.swift in Sources */,
			);
			runOnlyForDeploymentPostprocessing = 0;
		};
/* End PBXSourcesBuildPhase section */

/* Begin PBXVariantGroup section */
		F61C2B8329A4CFDB0097CA7B /* Main.storyboard */ = {
			isa = PBXVariantGroup;
			children = (
				F61C2B8429A4CFDB0097CA7B /* Base */,
			);
			name = Main.storyboard;
			sourceTree = "<group>";
		};
		F61C2B8829A4CFDC0097CA7B /* LaunchScreen.storyboard */ = {
			isa = PBXVariantGroup;
			children = (
				F61C2B8929A4CFDC0097CA7B /* Base */,
			);
			name = LaunchScreen.storyboard;
			sourceTree = "<group>";
		};
/* End PBXVariantGroup section */

/* Begin XCBuildConfiguration section */
		F61C2B8C29A4CFDC0097CA7B /* Debug */ = {
			isa = XCBuildConfiguration;
			buildSettings = {
				ALWAYS_SEARCH_USER_PATHS = NO;
				CLANG_ANALYZER_NONNULL = YES;
				CLANG_ANALYZER_NUMBER_OBJECT_CONVERSION = YES_AGGRESSIVE;
				CLANG_CXX_LANGUAGE_STANDARD = "gnu++20";
				CLANG_ENABLE_MODULES = YES;
				CLANG_ENABLE_OBJC_ARC = YES;
				CLANG_ENABLE_OBJC_WEAK = YES;
				CLANG_WARN_BLOCK_CAPTURE_AUTORELEASING = YES;
				CLANG_WARN_BOOL_CONVERSION = YES;
				CLANG_WARN_COMMA = YES;
				CLANG_WARN_CONSTANT_CONVERSION = YES;
				CLANG_WARN_DEPRECATED_OBJC_IMPLEMENTATIONS = YES;
				CLANG_WARN_DIRECT_OBJC_ISA_USAGE = YES_ERROR;
				CLANG_WARN_DOCUMENTATION_COMMENTS = YES;
				CLANG_WARN_EMPTY_BODY = YES;
				CLANG_WARN_ENUM_CONVERSION = YES;
				CLANG_WARN_INFINITE_RECURSION = YES;
				CLANG_WARN_INT_CONVERSION = YES;
				CLANG_WARN_NON_LITERAL_NULL_CONVERSION = YES;
				CLANG_WARN_OBJC_IMPLICIT_RETAIN_SELF = YES;
				CLANG_WARN_OBJC_LITERAL_CONVERSION = YES;
				CLANG_WARN_OBJC_ROOT_CLASS = YES_ERROR;
				CLANG_WARN_QUOTED_INCLUDE_IN_FRAMEWORK_HEADER = YES;
				CLANG_WARN_RANGE_LOOP_ANALYSIS = YES;
				CLANG_WARN_STRICT_PROTOTYPES = YES;
				CLANG_WARN_SUSPICIOUS_MOVE = YES;
				CLANG_WARN_UNGUARDED_AVAILABILITY = YES_AGGRESSIVE;
				CLANG_WARN_UNREACHABLE_CODE = YES;
				CLANG_WARN__DUPLICATE_METHOD_MATCH = YES;
				COPY_PHASE_STRIP = NO;
				DEBUG_INFORMATION_FORMAT = dwarf;
				ENABLE_STRICT_OBJC_MSGSEND = YES;
				ENABLE_TESTABILITY = YES;
				GCC_C_LANGUAGE_STANDARD = gnu11;
				GCC_DYNAMIC_NO_PIC = NO;
				GCC_NO_COMMON_BLOCKS = YES;
				GCC_OPTIMIZATION_LEVEL = 0;
				GCC_PREPROCESSOR_DEFINITIONS = (
					"DEBUG=1",
					"$(inherited)",
				);
				GCC_WARN_64_TO_32_BIT_CONVERSION = YES;
				GCC_WARN_ABOUT_RETURN_TYPE = YES_ERROR;
				GCC_WARN_UNDECLARED_SELECTOR = YES;
				GCC_WARN_UNINITIALIZED_AUTOS = YES_AGGRESSIVE;
				GCC_WARN_UNUSED_FUNCTION = YES;
				GCC_WARN_UNUSED_VARIABLE = YES;
				IPHONEOS_DEPLOYMENT_TARGET = 16.2;
				MTL_ENABLE_DEBUG_INFO = INCLUDE_SOURCE;
				MTL_FAST_MATH = YES;
				ONLY_ACTIVE_ARCH = YES;
				SDKROOT = iphoneos;
				SWIFT_ACTIVE_COMPILATION_CONDITIONS = DEBUG;
				SWIFT_OPTIMIZATION_LEVEL = "-Onone";
			};
			name = Debug;
		};
		F61C2B8D29A4CFDC0097CA7B /* Release */ = {
			isa = XCBuildConfiguration;
			buildSettings = {
				ALWAYS_SEARCH_USER_PATHS = NO;
				CLANG_ANALYZER_NONNULL = YES;
				CLANG_ANALYZER_NUMBER_OBJECT_CONVERSION = YES_AGGRESSIVE;
				CLANG_CXX_LANGUAGE_STANDARD = "gnu++20";
				CLANG_ENABLE_MODULES = YES;
				CLANG_ENABLE_OBJC_ARC = YES;
				CLANG_ENABLE_OBJC_WEAK = YES;
				CLANG_WARN_BLOCK_CAPTURE_AUTORELEASING = YES;
				CLANG_WARN_BOOL_CONVERSION = YES;
				CLANG_WARN_COMMA = YES;
				CLANG_WARN_CONSTANT_CONVERSION = YES;
				CLANG_WARN_DEPRECATED_OBJC_IMPLEMENTATIONS = YES;
				CLANG_WARN_DIRECT_OBJC_ISA_USAGE = YES_ERROR;
				CLANG_WARN_DOCUMENTATION_COMMENTS = YES;
				CLANG_WARN_EMPTY_BODY = YES;
				CLANG_WARN_ENUM_CONVERSION = YES;
				CLANG_WARN_INFINITE_RECURSION = YES;
				CLANG_WARN_INT_CONVERSION = YES;
				CLANG_WARN_NON_LITERAL_NULL_CONVERSION = YES;
				CLANG_WARN_OBJC_IMPLICIT_RETAIN_SELF = YES;
				CLANG_WARN_OBJC_LITERAL_CONVERSION = YES;
				CLANG_WARN_OBJC_ROOT_CLASS = YES_ERROR;
				CLANG_WARN_QUOTED_INCLUDE_IN_FRAMEWORK_HEADER = YES;
				CLANG_WARN_RANGE_LOOP_ANALYSIS = YES;
				CLANG_WARN_STRICT_PROTOTYPES = YES;
				CLANG_WARN_SUSPICIOUS_MOVE = YES;
				CLANG_WARN_UNGUARDED_AVAILABILITY = YES_AGGRESSIVE;
				CLANG_WARN_UNREACHABLE_CODE = YES;
				CLANG_WARN__DUPLICATE_METHOD_MATCH = YES;
				COPY_PHASE_STRIP = NO;
				DEBUG_INFORMATION_FORMAT = "dwarf-with-dsym";
				ENABLE_NS_ASSERTIONS = NO;
				ENABLE_STRICT_OBJC_MSGSEND = YES;
				GCC_C_LANGUAGE_STANDARD = gnu11;
				GCC_NO_COMMON_BLOCKS = YES;
				GCC_WARN_64_TO_32_BIT_CONVERSION = YES;
				GCC_WARN_ABOUT_RETURN_TYPE = YES_ERROR;
				GCC_WARN_UNDECLARED_SELECTOR = YES;
				GCC_WARN_UNINITIALIZED_AUTOS = YES_AGGRESSIVE;
				GCC_WARN_UNUSED_FUNCTION = YES;
				GCC_WARN_UNUSED_VARIABLE = YES;
				IPHONEOS_DEPLOYMENT_TARGET = 16.2;
				MTL_ENABLE_DEBUG_INFO = NO;
				MTL_FAST_MATH = YES;
				SDKROOT = iphoneos;
				SWIFT_COMPILATION_MODE = wholemodule;
				SWIFT_OPTIMIZATION_LEVEL = "-O";
				VALIDATE_PRODUCT = YES;
			};
			name = Release;
		};
		F61C2B8F29A4CFDC0097CA7B /* Debug */ = {
			isa = XCBuildConfiguration;
			buildSettings = {
				ASSETCATALOG_COMPILER_APPICON_NAME = AppIcon;
				ASSETCATALOG_COMPILER_GLOBAL_ACCENT_COLOR_NAME = AccentColor;
				CODE_SIGN_STYLE = Automatic;
				CURRENT_PROJECT_VERSION = 1;
				GENERATE_INFOPLIST_FILE = YES;
				INFOPLIST_FILE = ToDoListApp/Info.plist;
				INFOPLIST_KEY_UIApplicationSupportsIndirectInputEvents = YES;
				INFOPLIST_KEY_UILaunchStoryboardName = LaunchScreen;
				INFOPLIST_KEY_UIMainStoryboardFile = Main;
				INFOPLIST_KEY_UISupportedInterfaceOrientations_iPad = "UIInterfaceOrientationPortrait UIInterfaceOrientationPortraitUpsideDown UIInterfaceOrientationLandscapeLeft UIInterfaceOrientationLandscapeRight";
				INFOPLIST_KEY_UISupportedInterfaceOrientations_iPhone = "UIInterfaceOrientationPortrait UIInterfaceOrientationLandscapeLeft UIInterfaceOrientationLandscapeRight";
				LD_RUNPATH_SEARCH_PATHS = (
					"$(inherited)",
					"@executable_path/Frameworks",
				);
				MARKETING_VERSION = 1.0;
				PRODUCT_BUNDLE_IDENTIFIER = com.shafique.ToDoListApp;
				PRODUCT_NAME = "$(TARGET_NAME)";
				SWIFT_EMIT_LOC_STRINGS = YES;
				SWIFT_VERSION = 5.0;
				TARGETED_DEVICE_FAMILY = "1,2";
			};
			name = Debug;
		};
		F61C2B9029A4CFDC0097CA7B /* Release */ = {
			isa = XCBuildConfiguration;
			buildSettings = {
				ASSETCATALOG_COMPILER_APPICON_NAME = AppIcon;
				ASSETCATALOG_COMPILER_GLOBAL_ACCENT_COLOR_NAME = AccentColor;
				CODE_SIGN_STYLE = Automatic;
				CURRENT_PROJECT_VERSION = 1;
				GENERATE_INFOPLIST_FILE = YES;
				INFOPLIST_FILE = ToDoListApp/Info.plist;
				INFOPLIST_KEY_UIApplicationSupportsIndirectInputEvents = YES;
				INFOPLIST_KEY_UILaunchStoryboardName = LaunchScreen;
				INFOPLIST_KEY_UIMainStoryboardFile = Main;
				INFOPLIST_KEY_UISupportedInterfaceOrientations_iPad = "UIInterfaceOrientationPortrait UIInterfaceOrientationPortraitUpsideDown UIInterfaceOrientationLandscapeLeft UIInterfaceOrientationLandscapeRight";
				INFOPLIST_KEY_UISupportedInterfaceOrientations_iPhone = "UIInterfaceOrientationPortrait UIInterfaceOrientationLandscapeLeft UIInterfaceOrientationLandscapeRight";
				LD_RUNPATH_SEARCH_PATHS = (
					"$(inherited)",
					"@executable_path/Frameworks",
				);
				MARKETING_VERSION = 1.0;
				PRODUCT_BUNDLE_IDENTIFIER = com.shafique.ToDoListApp;
				PRODUCT_NAME = "$(TARGET_NAME)";
				SWIFT_EMIT_LOC_STRINGS = YES;
				SWIFT_VERSION = 5.0;
				TARGETED_DEVICE_FAMILY = "1,2";
			};
			name = Release;
		};
/* End XCBuildConfiguration section */

/* Begin XCConfigurationList section */
		F61C2B7529A4CFDB0097CA7B /* Build configuration list for PBXProject "ToDoListApp" */ = {
			isa = XCConfigurationList;
			buildConfigurations = (
				F61C2B8C29A4CFDC0097CA7B /* Debug */,
				F61C2B8D29A4CFDC0097CA7B /* Release */,
			);
			defaultConfigurationIsVisible = 0;
			defaultConfigurationName = Release;
		};
		F61C2B8E29A4CFDC0097CA7B /* Build configuration list for PBXNativeTarget "ToDoListApp" */ = {
			isa = XCConfigurationList;
			buildConfigurations = (
				F61C2B8F29A4CFDC0097CA7B /* Debug */,
				F61C2B9029A4CFDC0097CA7B /* Release */,
			);
			defaultConfigurationIsVisible = 0;
			defaultConfigurationName = Release;
		};
/* End XCConfigurationList section */

/* Begin XCRemoteSwiftPackageReference section */
		F64036B429E52440009CBCCD /* XCRemoteSwiftPackageReference "realm-swift" */ = {
			isa = XCRemoteSwiftPackageReference;
			repositoryURL = "https://github.com/realm/realm-swift.git";
			requirement = {
				kind = upToNextMajorVersion;
				minimumVersion = 10.38.0;
			};
		};
		F6835D1F29E2AC1D0075FB5C /* XCRemoteSwiftPackageReference "lottie-ios" */ = {
			isa = XCRemoteSwiftPackageReference;
			repositoryURL = "https://github.com/airbnb/lottie-ios";
			requirement = {
				branch = master;
				kind = branch;
			};
		};
/* End XCRemoteSwiftPackageReference section */

/* Begin XCSwiftPackageProductDependency section */
		F64036B529E52440009CBCCD /* Realm */ = {
			isa = XCSwiftPackageProductDependency;
			package = F64036B429E52440009CBCCD /* XCRemoteSwiftPackageReference "realm-swift" */;
			productName = Realm;
		};
		F64036B729E52440009CBCCD /* RealmSwift */ = {
			isa = XCSwiftPackageProductDependency;
			package = F64036B429E52440009CBCCD /* XCRemoteSwiftPackageReference "realm-swift" */;
			productName = RealmSwift;
		};
		F6835D2029E2AC1D0075FB5C /* Lottie */ = {
			isa = XCSwiftPackageProductDependency;
			package = F6835D1F29E2AC1D0075FB5C /* XCRemoteSwiftPackageReference "lottie-ios" */;
			productName = Lottie;
		};
/* End XCSwiftPackageProductDependency section */
	};
	rootObject = F61C2B7229A4CFDB0097CA7B /* Project object */;
}
